{"SurveyEntry":{"SurveyID":"SV_42VYlCZqYngjYns","SurveyName":"SADS Template","SurveyDescription":null,"SurveyOwnerID":"UR_esTMlbIXA7KU2PP","SurveyBrandID":"dartmouth","DivisionID":"DV_cTIMB5dBQKQFcqh","SurveyLanguage":"EN","SurveyActiveResponseSet":"RS_bkGZMCOXhkrNBK6","SurveyStatus":"Active","SurveyStartDate":"0000-00-00 00:00:00","SurveyExpirationDate":"0000-00-00 00:00:00","SurveyCreationDate":"2022-03-30 07:25:17","CreatorID":"UR_esTMlbIXA7KU2PP","LastModified":"2022-07-22 06:50:57","LastAccessed":"0000-00-00 00:00:00","LastActivated":"2022-06-27 08:57:01","Deleted":null},"SurveyElements":[{"SurveyID":"SV_42VYlCZqYngjYns","Element":"BL","PrimaryAttribute":"Survey Blocks","SecondaryAttribute":null,"TertiaryAttribute":null,"Payload":[{"Type":"Default","Description":"Default Question Block","ID":"BL_bK1aGs23wUjVgYR","BlockElements":[{"Type":"Question","QuestionID":"QID1"}]},{"Type":"Trash","Description":"Trash \/ Unused Questions","ID":"BL_cSnDmbkP4ToAanH","BlockElements":[{"Type":"Question","QuestionID":"QID2"},{"Type":"Question","QuestionID":"QID7"},{"Type":"Question","QuestionID":"QID8"},{"Type":"Question","QuestionID":"QID9"},{"Type":"Question","QuestionID":"QID12"},{"Type":"Question","QuestionID":"QID13"},{"Type":"Question","QuestionID":"QID10"},{"Type":"Question","QuestionID":"QID17"},{"Type":"Question","QuestionID":"QID11"},{"Type":"Question","QuestionID":"QID14"},{"Type":"Question","QuestionID":"QID15"},{"Type":"Question","QuestionID":"QID16"},{"Type":"Question","QuestionID":"QID18"},{"Type":"Question","QuestionID":"QID21"},{"Type":"Question","QuestionID":"QID20"}]},{"Type":"Standard","SubType":"","Description":"Block 1","ID":"BL_5it1Kv1ngtzLf4p","BlockElements":[{"Type":"Question","QuestionID":"QID3"},{"Type":"Page Break"}]},{"Type":"Standard","SubType":"","Description":"Block 2","ID":"BL_d68DKkZIgOV1pC5","BlockElements":[{"Type":"Question","QuestionID":"QID6"},{"Type":"Page Break"}]},{"Type":"Standard","SubType":"","Description":"Block 3","ID":"BL_eaZS37kj85l9qLP","BlockElements":[{"Type":"Question","QuestionID":"QID5"},{"Type":"Page Break"}]},{"Type":"Standard","SubType":"","Description":"Block 4","ID":"BL_b7d0SKyhSp2b8tn","BlockElements":[{"Type":"Question","QuestionID":"QID4"}]},{"Type":"Standard","SubType":"","Description":"Block 5","ID":"BL_1yTOnouvNmjhQ1L","BlockElements":[{"Type":"Question","QuestionID":"QID19"}],"Options":{"BlockLocking":"false","RandomizeQuestions":"false","BlockVisibility":"Expanded"}}]},{"SurveyID":"SV_42VYlCZqYngjYns","Element":"FL","PrimaryAttribute":"Survey Flow","SecondaryAttribute":null,"TertiaryAttribute":null,"Payload":{"Type":"Root","FlowID":"FL_1","Flow":[{"Type":"Block","ID":"BL_bK1aGs23wUjVgYR","FlowID":"FL_2","Autofill":[]},{"Type":"Block","ID":"BL_1yTOnouvNmjhQ1L","FlowID":"FL_16","Autofill":[]},{"Type":"BlockRandomizer","FlowID":"FL_7","SubSet":4,"Flow":[{"Type":"Block","ID":"BL_5it1Kv1ngtzLf4p","FlowID":"FL_8","Autofill":[]},{"Type":"Block","ID":"BL_d68DKkZIgOV1pC5","FlowID":"FL_9","Autofill":[]},{"Type":"Block","ID":"BL_eaZS37kj85l9qLP","FlowID":"FL_10","Autofill":[]},{"Type":"Block","ID":"BL_b7d0SKyhSp2b8tn","FlowID":"FL_11","Autofill":[]}]}],"Properties":{"Count":17,"RemovedFieldsets":[]}}},{"SurveyID":"SV_42VYlCZqYngjYns","Element":"RS","PrimaryAttribute":"RS_bkGZMCOXhkrNBK6","SecondaryAttribute":null,"TertiaryAttribute":null,"Payload":null},{"SurveyID":"SV_42VYlCZqYngjYns","Element":"SO","PrimaryAttribute":"Survey Options","SecondaryAttribute":null,"TertiaryAttribute":null,"Payload":{"BackButton":"true","SaveAndContinue":"true","SurveyProtection":"PublicSurvey","BallotBoxStuffingPrevention":"false","NoIndex":"Yes","SecureResponseFiles":"true","SurveyExpiration":null,"SurveyTermination":"DefaultMessage","Header":"","Footer":"","ProgressBarDisplay":"None","PartialData":"+3 month","ValidationMessage":null,"PreviousButton":" \u2190 ","NextButton":" \u2192 ","SkinLibrary":"dartmouth","SkinType":"MQ","Skin":"dartmouth1","NewScoring":1,"ProtectSelectionIds":true,"SurveyTitle":"Online Survey Software | Qualtrics Survey Solutions","EOSMessage":"","ShowExportTags":"false","CollectGeoLocation":"false","SurveyMetaDescription":"The most powerful, simple and trusted way to gather experience data. Start your journey to experience management and try a free account today.","PasswordProtection":"No","AnonymizeResponse":"No","Password":"","RefererCheck":"No","RefererURL":"http:\/\/","BallotBoxStuffingPreventionBehavior":null,"BallotBoxStuffingPreventionMessage":null,"BallotBoxStuffingPreventionMessageLibrary":null,"BallotBoxStuffingPreventionURL":null,"RecaptchaV3":"false","ConfirmStart":false,"AutoConfirmStart":false,"UseCustomSurveyLinkCompletedMessage":null,"SurveyLinkCompletedMessage":"","SurveyLinkCompletedMessageLibrary":"","ResponseSummary":"No","EOSMessageLibrary":"","EOSRedirectURL":"https:\/\/","EmailThankYou":"false","ThankYouEmailMessageLibrary":null,"ThankYouEmailMessage":null,"ValidateMessage":"false","ValidationMessageLibrary":null,"InactiveSurvey":"DefaultMessage","PartialDataCloseAfter":"LastActivity","ActiveResponseSet":null,"InactiveMessageLibrary":"","InactiveMessage":"","AvailableLanguages":{"EN":[]},"SurveyName":"SADS Template"}},{"SurveyID":"SV_42VYlCZqYngjYns","Element":"SCO","PrimaryAttribute":"Scoring","SecondaryAttribute":null,"TertiaryAttribute":null,"Payload":{"ScoringCategories":[],"ScoringCategoryGroups":[],"ScoringSummaryCategory":null,"ScoringSummaryAfterQuestions":0,"ScoringSummaryAfterSurvey":0,"DefaultScoringCategory":null,"AutoScoringCategory":null}},{"SurveyID":"SV_42VYlCZqYngjYns","Element":"PROJ","PrimaryAttribute":"CORE","SecondaryAttribute":null,"TertiaryAttribute":"1.1.0","Payload":{"ProjectCategory":"CORE","SchemaVersion":"1.1.0"}},{"SurveyID":"SV_42VYlCZqYngjYns","Element":"STAT","PrimaryAttribute":"Survey Statistics","SecondaryAttribute":null,"TertiaryAttribute":null,"Payload":{"MobileCompatible":true,"ID":"Survey Statistics"}},{"SurveyID":"SV_42VYlCZqYngjYns","Element":"SQ","PrimaryAttribute":"QID5","SecondaryAttribute":" Please read each statement and select your level of agreement","TertiaryAttribute":null,"Payload":{"QuestionText":"&nbsp;Please read each statement and select your level of agreement","DefaultChoices":false,"DataExportTag":"Q5","QuestionType":"Matrix","Selector":"Likert","SubSelector":"SingleAnswer","Configuration":{"QuestionDescriptionOption":"UseText","TextPosition":"inline","ChoiceColumnWidth":25,"RepeatHeaders":"middle","WhiteSpace":"OFF","MobileFirst":true},"QuestionDescription":" Please read each statement and select your level of agreement","Choices":{"1":{"Display":"Being able to draw meaningful conclusions from complex data sets using data science tools is valuable in my field"},"2":{"Display":"Analyzing large datasets is necessary to solve complex problems"},"3":{"Display":"It is important for society to combine field-specific knowledge with statistical tools to solve complex problems"},"4":{"Display":"The ability to use data to answer complex questions is an essential skill in the world today"},"5":{"Display":"It is essential to communicate data analysis results in a clear and efficient way"},"6":{"Display":"Data science training will help me succeed in my major"},"7":{"Display":"Data analysis can help businesses solve problems"},"8":{"Display":"Statistical model development is helpful in providing innovative solutions in a variety of industrial problems"},"9":{"Display":"Visualizing and communicating results is useful in most professions"},"10":{"Display":"The field in which I wish to work will benefit from data-driven decision making"},"11":{"Display":"I will benefit from taking data science coursework"},"12":{"Display":"Data science techniques are useful when dealing with real-world problems"},"13":{"Display":"Data science skills are helpful on the job market"}},"ChoiceOrder":[1,2,3,4,5,6,7,8,9,10,11,12,13],"Validation":{"Settings":{"ForceResponse":"OFF","ForceResponseType":"ON","Type":"None"}},"GradingData":[],"Language":[],"NextChoiceId":14,"NextAnswerId":6,"Answers":{"1":{"Display":"Strongly disagree"},"2":{"Display":"Somewhat disagree"},"3":{"Display":"Neither agree nor disagree"},"4":{"Display":"Somewhat agree"},"5":{"Display":"Strongly agree"}},"AnswerOrder":[1,2,3,4,5],"ChoiceDataExportTags":false,"QuestionID":"QID5","AnswerRandomization":{"Advanced":null,"TotalRandSubset":"","Type":"None"},"ChoiceGroups":{"cg_1":{"ChoiceGroupOrder":null,"GroupLabel":"Group","Options":[]}},"ChoiceGroupOrder":[1,2,3,4,5,6,7,8,9,10,11,12,13,"cg_1"],"Randomization":{"Advanced":null,"TotalRandSubset":"","Type":"All"},"DataVisibility":{"Private":false,"Hidden":false}}},{"SurveyID":"SV_42VYlCZqYngjYns","Element":"SQ","PrimaryAttribute":"QID6","SecondaryAttribute":" Please read each statement and select your level of agreement","TertiaryAttribute":null,"Payload":{"QuestionText":"&nbsp;Please read each statement and select your level of agreement","DefaultChoices":false,"DataExportTag":"Q6","QuestionType":"Matrix","Selector":"Likert","SubSelector":"SingleAnswer","Configuration":{"QuestionDescriptionOption":"UseText","TextPosition":"inline","ChoiceColumnWidth":25,"WhiteSpace":"OFF","MobileFirst":true,"RepeatHeaders":"middle"},"QuestionDescription":" Please read each statement and select your level of agreement","Choices":{"1":{"Display":"I want my work for the rest of my life to involve all aspects of data science"},"2":{"Display":"In my future work I will analyze data in order to implement solutions to complex problems in my field"},"3":{"Display":"I want a career that involves working with large datasets"},"4":{"Display":"I want to communicate the data analysis results in a clear and efficient way at my job"},"5":{"Display":"My future career will involve data visualization"},"6":{"Display":"I think my job in the future will involve data analysis"},"7":{"Display":"I am interested in a job that involves communication of statistical results"},"8":{"Display":"At some point in my career I could be asked to solve problems using large data-sets"},"9":{"Display":"I may use different programming languages in my future career"},"10":{"Display":"Part of my future job may include developing models from data"},"11":{"Display":"Data science skills will help me secure a job after college"},"12":{"Display":"My future employers could ask me to analyze data"},"13":{"Display":"At some point in my career, I may be asked to visualize statistical results"},"14":{"Display":"I think my future career might involve using scientific or research methodologies"},"15":{"Display":"I have a desire to be a data scientist"}},"ChoiceOrder":[1,2,3,4,5,6,7,8,9,10,11,12,13,14,15],"Validation":{"Settings":{"ForceResponse":"OFF","ForceResponseType":"ON","Type":"None"}},"GradingData":[],"Language":[],"NextChoiceId":16,"NextAnswerId":6,"Answers":{"1":{"Display":"Strongly disagree"},"2":{"Display":"Somewhat disagree"},"3":{"Display":"Neither agree nor disagree"},"4":{"Display":"Somewhat agree"},"5":{"Display":"Strongly agree"}},"AnswerOrder":[1,2,3,4,5],"ChoiceDataExportTags":false,"QuestionID":"QID6","AnswerRandomization":{"Advanced":null,"TotalRandSubset":"","Type":"None"},"Randomization":{"Advanced":null,"TotalRandSubset":"","Type":"All"},"DataVisibility":{"Private":false,"Hidden":false}}},{"SurveyID":"SV_42VYlCZqYngjYns","Element":"QC","PrimaryAttribute":"Survey Question Count","SecondaryAttribute":"21","TertiaryAttribute":null,"Payload":null},{"SurveyID":"SV_42VYlCZqYngjYns","Element":"SQ","PrimaryAttribute":"QID4","SecondaryAttribute":"\u00a0\u00a0Please read each statement and select your level of agreement","TertiaryAttribute":null,"Payload":{"QuestionText":"<p>&nbsp;&nbsp;<o:p><\/o:p>Please read each statement and select your level of agreement<\/p>","DefaultChoices":false,"DataExportTag":"Q4","QuestionID":"QID4","QuestionType":"Matrix","Selector":"Likert","SubSelector":"SingleAnswer","Configuration":{"QuestionDescriptionOption":"UseText","TextPosition":"inline","ChoiceColumnWidth":25,"RepeatHeaders":"middle","WhiteSpace":"OFF","MobileFirst":true},"QuestionDescription":"\u00a0\u00a0Please read each statement and select your level of agreement","Choices":{"1":{"Display":"I will be capable of analyzing large datasets"},"2":{"Display":"I have confidence in my ability to succeed in a data science field"},"3":{"Display":"I will excel at communicating findings of statistical analyses"},"4":{"Display":"I have confidence in mastering various statistical skills"},"5":{"Display":"I will excel in the data science components of my courses"},"6":{"Display":"I can work through statistical problems that I do not understand"},"7":{"Display":"I know that I can develop strong coding skills"},"8":{"Display":"I can learn data visualization to explain statistical findings"},"9":{"Display":"I think I will be able to handle large datasets to develop problem-solving techniques"},"10":{"Display":"I think I can develop strong data analysis skills"},"11":{"Display":"I think I can learn data science"},"12":{"Display":"I am fine with handling large datasets"},"13":{"Display":"I am fine with statistical data modeling"},"14":{"Display":"Taking courses with programming components is ok with me"}},"ChoiceOrder":[1,2,3,4,5,6,7,8,9,10,11,12,13,14],"Validation":{"Settings":{"ForceResponse":"OFF","ForceResponseType":"ON","Type":"None"}},"GradingData":[],"Language":[],"NextChoiceId":15,"NextAnswerId":6,"Answers":{"1":{"Display":"Strongly disagree"},"2":{"Display":"Somewhat disagree"},"3":{"Display":"Neither agree nor disagree"},"4":{"Display":"Somewhat agree"},"5":{"Display":"Strongly agree"}},"AnswerOrder":[1,2,3,4,5],"ChoiceDataExportTags":false,"Randomization":{"Advanced":null,"TotalRandSubset":"","Type":"All"},"AnswerRandomization":{"TotalRandSubset":""},"DataVisibility":{"Private":false,"Hidden":false}}},{"SurveyID":"SV_42VYlCZqYngjYns","Element":"SQ","PrimaryAttribute":"QID10","SecondaryAttribute":"Choose one or more races that you consider yourself to be:","TertiaryAttribute":null,"Payload":{"QuestionText":"<p>Choose one or more races that you consider yourself to be:<\/p>","DefaultChoices":false,"DataExportTag":"Q11","QuestionType":"MC","Selector":"MACOL","SubSelector":"TX","DataVisibility":{"Private":false,"Hidden":false},"Configuration":{"QuestionDescriptionOption":"UseText","NumColumns":2},"QuestionDescription":"Choose one or more races that you consider yourself to be:","Choices":{"1":{"Display":"White"},"2":{"Display":"Black or African American"},"3":{"Display":"American Indian or Alaska Native"},"4":{"Display":"Asian"},"5":{"Display":"Native Hawaiian or Pacific Islander"},"6":{"Display":"Other","TextEntry":"true"}},"ChoiceOrder":[1,2,3,4,5,6],"Validation":{"Settings":{"ForceResponse":"OFF","ForceResponseType":"ON","Type":"None"}},"GradingData":[],"Language":[],"NextChoiceId":7,"NextAnswerId":1,"QuestionID":"QID10"}},{"SurveyID":"SV_42VYlCZqYngjYns","Element":"SQ","PrimaryAttribute":"QID2","SecondaryAttribute":"Click to write the question text","TertiaryAttribute":null,"Payload":{"QuestionText":"Click to write the question text","DataExportTag":"Q2","QuestionType":"MC","Selector":"SAVR","SubSelector":"TX","Configuration":{"QuestionDescriptionOption":"UseText"},"QuestionDescription":"Click to write the question text","Choices":{"1":{"Display":"Click to write Choice 1"},"2":{"Display":"Click to write Choice 2"},"3":{"Display":"Click to write Choice 3"}},"ChoiceOrder":["1","2","3"],"Validation":{"Settings":{"ForceResponse":"OFF","ForceResponseType":"ON","Type":"None"}},"Language":[],"NextChoiceId":4,"NextAnswerId":1,"QuestionID":"QID2"}},{"SurveyID":"SV_42VYlCZqYngjYns","Element":"SQ","PrimaryAttribute":"QID7","SecondaryAttribute":"Click to write the question text","TertiaryAttribute":null,"Payload":{"QuestionText":"Click to write the question text","DataExportTag":"Q7","QuestionType":"MC","Selector":"SAVR","SubSelector":"TX","Configuration":{"QuestionDescriptionOption":"UseText"},"QuestionDescription":"Click to write the question text","Choices":{"1":{"Display":"Click to write Choice 1"},"2":{"Display":"Click to write Choice 2"},"3":{"Display":"Click to write Choice 3"}},"ChoiceOrder":["1","2","3"],"Validation":{"Settings":{"ForceResponse":"OFF","ForceResponseType":"ON","Type":"None"}},"Language":[],"NextChoiceId":4,"NextAnswerId":1,"QuestionID":"QID7"}},{"SurveyID":"SV_42VYlCZqYngjYns","Element":"SQ","PrimaryAttribute":"QID9","SecondaryAttribute":"Click to write the question text","TertiaryAttribute":null,"Payload":{"QuestionText":"Click to write the question text","DataExportTag":"Q9","QuestionType":"MC","Selector":"SAVR","SubSelector":"TX","Configuration":{"QuestionDescriptionOption":"UseText"},"QuestionDescription":"Click to write the question text","Choices":{"1":{"Display":"Click to write Choice 1"},"2":{"Display":"Click to write Choice 2"},"3":{"Display":"Click to write Choice 3"}},"ChoiceOrder":["1","2","3"],"Validation":{"Settings":{"ForceResponse":"OFF","ForceResponseType":"ON","Type":"None"}},"Language":[],"NextChoiceId":4,"NextAnswerId":1,"QuestionID":"QID9"}},{"SurveyID":"SV_42VYlCZqYngjYns","Element":"SQ","PrimaryAttribute":"QID12","SecondaryAttribute":"Click to write the question text","TertiaryAttribute":null,"Payload":{"QuestionText":"Click to write the question text","DataExportTag":"Q14","QuestionType":"MC","Selector":"SAVR","SubSelector":"TX","Configuration":{"QuestionDescriptionOption":"UseText"},"QuestionDescription":"Click to write the question text","Choices":{"1":{"Display":"Click to write Choice 1"},"2":{"Display":"Click to write Choice 2"},"3":{"Display":"Click to write Choice 3"}},"ChoiceOrder":["1","2","3"],"Validation":{"Settings":{"ForceResponse":"OFF","ForceResponseType":"ON","Type":"None"}},"Language":[],"NextChoiceId":4,"NextAnswerId":1,"QuestionID":"QID12"}},{"SurveyID":"SV_42VYlCZqYngjYns","Element":"SQ","PrimaryAttribute":"QID21","SecondaryAttribute":"Click to write the question text","TertiaryAttribute":null,"Payload":{"QuestionText":"Click to write the question text","DataExportTag":"Q21","QuestionType":"MC","Selector":"SAVR","SubSelector":"TX","Configuration":{"QuestionDescriptionOption":"UseText"},"QuestionDescription":"Click to write the question text","Choices":{"1":{"Display":"Click to write Choice 1"},"2":{"Display":"Click to write Choice 2"},"3":{"Display":"Click to write Choice 3"}},"ChoiceOrder":["1","2","3"],"Validation":{"Settings":{"ForceResponse":"OFF","ForceResponseType":"ON","Type":"None"}},"Language":[],"NextChoiceId":4,"NextAnswerId":1,"QuestionID":"QID21"}},{"SurveyID":"SV_42VYlCZqYngjYns","Element":"SQ","PrimaryAttribute":"QID13","SecondaryAttribute":"Do you consider yourself Hispanic or Latino?","TertiaryAttribute":null,"Payload":{"QuestionText":"Do you consider yourself Hispanic or Latino?","DataExportTag":"Q15","QuestionType":"MC","Selector":"SAVR","SubSelector":"TX","Configuration":{"QuestionDescriptionOption":"UseText"},"QuestionDescription":"Do you consider yourself Hispanic or Latino?","Choices":{"1":{"Display":"Yes"},"2":{"Display":"No"}},"ChoiceOrder":[1,2],"Validation":{"Settings":{"ForceResponse":"OFF","ForceResponseType":"ON","Type":"None"}},"Language":[],"NextChoiceId":3,"NextAnswerId":1,"QuestionID":"QID13"}},{"SurveyID":"SV_42VYlCZqYngjYns","Element":"SQ","PrimaryAttribute":"QID3","SecondaryAttribute":"Please read each statement and select your level of agreement","TertiaryAttribute":null,"Payload":{"QuestionText":"Please read each statement and select your level of agreement","DefaultChoices":false,"DataExportTag":"Q3","QuestionID":"QID3","QuestionType":"Matrix","Selector":"Likert","SubSelector":"SingleAnswer","Configuration":{"QuestionDescriptionOption":"UseText","TextPosition":"inline","ChoiceColumnWidth":25,"WhiteSpace":"OFF","MobileFirst":true,"RepeatHeaders":"middle"},"QuestionDescription":"Please read each statement and select your level of agreement","Choices":{"1":{"Display":"I often think about using statistical skills to answer research questions"},"2":{"Display":"I want to learn how to confidently communicate statistical findings"},"3":{"Display":"I am excited to learn about combining theoretical\/ statistical tools with my major-specific knowledge to solve complex problems"},"4":{"Display":"I want to learn advanced skills such as statistical model development and machine learning"},"5":{"Display":"I want to learn how to use data science skills to solve complex problems in my field"},"6":{"Display":"I want to learn how to gain knowledge and insights from large datasets"},"7":{"Display":"I am interested in learning data management skills"},"8":{"Display":"I am interested in using data for decision-making"},"9":{"Display":"I want to apply statistical skills in most of my classes"},"10":{"Display":"I am interested in gaining statistical skills"},"11":{"Display":"I am interested in data analysis"}},"ChoiceOrder":[1,2,3,4,5,6,7,8,9,10,11],"Validation":{"Settings":{"ForceResponse":"OFF","ForceResponseType":"ON","Type":"None"}},"GradingData":[],"Language":[],"NextChoiceId":12,"NextAnswerId":6,"Answers":{"1":{"Display":"Strongly disagree"},"2":{"Display":"Somewhat disagree"},"3":{"Display":"Neither agree nor disagree"},"4":{"Display":"Somewhat agree"},"5":{"Display":"Strongly agree"}},"AnswerOrder":[1,2,3,4,5],"ChoiceDataExportTags":false,"Randomization":{"Advanced":null,"TotalRandSubset":"","Type":"All","ConsistentScaleReversal":true},"AnswerRandomization":{"TotalRandSubset":""},"DataVisibility":{"Private":false,"Hidden":false}}},{"SurveyID":"SV_42VYlCZqYngjYns","Element":"SQ","PrimaryAttribute":"QID8","SecondaryAttribute":"Please read each statement carefully and express your opinion towards it on the following rating...","TertiaryAttribute":null,"Payload":{"QuestionText":"<p>Please read each statement\ncarefully and express your opinion towards it on the following rating scale:\n\"Strongly Disagree, Disagree, Neither agree nor disagree, Agree, or\nStrongly Agree\" If you don\u2019t understand a statement, leave it blank. If\nyou understand the statement but do not have a strong opinion, please select\n\"neither agree nor disagree\"<br>\n&nbsp;<br>\nAs a reminder, 'data science' is defined as the following: Data science,\ndrawing from mathematics, statistics, and computer science, is a\nmultidisciplinary field using scientific methods to gain knowledge and insights\nfrom structured and unstructured data. Data scientists combine theoretical\ntools with domain knowledge to gather meaningful data, implement solutions\ncomputationally, interpret results, and communicate them broadly (using\nvisualizations, maps, graphs, images and text).<br>&nbsp;&nbsp;<o:p><\/o:p><\/p>","DefaultChoices":false,"DataExportTag":"Q8","QuestionType":"Matrix","Selector":"Likert","SubSelector":"SingleAnswer","DataVisibility":{"Private":false,"Hidden":false},"Configuration":{"QuestionDescriptionOption":"UseText","TextPosition":"inline","ChoiceColumnWidth":25,"RepeatHeaders":"middle","WhiteSpace":"OFF","MobileFirst":true},"QuestionDescription":"Please read each statement carefully and express your opinion towards it on the following rating...","Choices":{"1":{"Display":"I often think about using statistical skills to answer research questions"},"2":{"Display":"I want to learn how to confidently communicate statistical findings"},"3":{"Display":"I am excited to learn about combining theoretical\/ statistical tools with my major-specific knowledge to solve complex problems"},"4":{"Display":"I want to learn advanced skills such as statistical model development and machine learning"},"5":{"Display":"I want to learn how to use data science skills to solve complex problems in my field"},"6":{"Display":"I want to learn how to gain knowledge and insights from large datasets"},"7":{"Display":"I am interested in learning data management skills"},"8":{"Display":"I am interested in using data for decision-making"},"9":{"Display":"I want to apply statistical skills in most of my classes"},"10":{"Display":"I am interested in gaining statistical skills"},"11":{"Display":"I am interested in data analysis"}},"ChoiceOrder":[1,2,3,4,5,6,7,8,9,10,11],"Randomization":{"Advanced":null,"Type":"All","TotalRandSubset":""},"AnswerRandomization":{"TotalRandSubset":""},"Validation":{"Settings":{"ForceResponse":"OFF","ForceResponseType":"ON","Type":"None"}},"GradingData":[],"Language":[],"NextChoiceId":12,"NextAnswerId":6,"Answers":{"1":{"Display":"Strongly disagree"},"2":{"Display":"Somewhat disagree"},"3":{"Display":"Neither agree nor disagree"},"4":{"Display":"Somewhat agree"},"5":{"Display":"Strongly agree"}},"AnswerOrder":[1,2,3,4,5],"ChoiceDataExportTags":false,"QuestionID":"QID8"}},{"SurveyID":"SV_42VYlCZqYngjYns","Element":"SQ","PrimaryAttribute":"QID1","SecondaryAttribute":"Survey on Attitudes towards Data Science \u00a0 This survey will take you no longer than 20 minutes to..","TertiaryAttribute":null,"Payload":{"QuestionText":"<h1>Survey on Attitudes towards Data Science<\/h1>\n\n<p>&nbsp;<\/p>\n\n<p>This survey will take you no longer than 20 minutes to complete. It asks about your opinions and thoughts toward data science skills and applications. While completing this instrument, please keep in mind the definition of data science and data scientists:&nbsp;<br \/>\n<br \/>\n<br \/>\nData science, drawing from mathematics, statistics, and computer science, is a multidisciplinary field using scientific methods to gain knowledge and insights from structured and unstructured data. Data scientists combine theoretical tools with domain knowledge to gather meaningful data, implement solutions computationally, interpret results, and communicate them broadly (using visualizations, maps, graphs, images and text).<br \/>\n<br \/>\n<br \/>\n&nbsp;<\/p>","DefaultChoices":false,"DataExportTag":"Q1","QuestionID":"QID1","QuestionType":"DB","Selector":"TB","DataVisibility":{"Private":false,"Hidden":false},"Configuration":{"QuestionDescriptionOption":"UseText"},"QuestionDescription":"Survey on Attitudes towards Data Science \u00a0 This survey will take you no longer than 20 minutes to...","ChoiceOrder":[],"Validation":{"Settings":{"Type":"None"}},"GradingData":[],"Language":[],"NextChoiceId":4,"NextAnswerId":1}},{"SurveyID":"SV_42VYlCZqYngjYns","Element":"SQ","PrimaryAttribute":"QID17","SecondaryAttribute":"To which gender identity do you must identify?","TertiaryAttribute":null,"Payload":{"QuestionText":"To which gender identity do you must identify?","DataExportTag":"Q19","QuestionType":"MC","Selector":"SAVR","SubSelector":"TX","Configuration":{"QuestionDescriptionOption":"UseText"},"QuestionDescription":"To which gender identity do you must identify?","Choices":{"1":{"Display":"Male"},"2":{"Display":"Female"},"3":{"Display":"Transgender Male"},"4":{"Display":"Transgender Female"},"5":{"Display":"Gender Varient\/ Non-conforming"},"6":{"Display":"Other","TextEntry":"true"},"7":{"Display":"Prefer not to say"}},"ChoiceOrder":[1,2,3,4,5,6,7],"Validation":{"Settings":{"ForceResponse":"OFF","ForceResponseType":"ON","Type":"None"}},"Language":[],"NextChoiceId":8,"NextAnswerId":1,"QuestionID":"QID17"}},{"SurveyID":"SV_42VYlCZqYngjYns","Element":"SQ","PrimaryAttribute":"QID19","SecondaryAttribute":"What is your Dartmouth ID? (e.g. F1234AB)","TertiaryAttribute":null,"Payload":{"QuestionText":"What is your Dartmouth ID? (e.g. F1234AB)","DefaultChoices":false,"DataExportTag":"Q19","QuestionType":"TE","Selector":"SL","Configuration":{"QuestionDescriptionOption":"UseText"},"QuestionDescription":"What is your Dartmouth ID? (e.g. F1234AB)","Validation":{"Settings":{"ForceResponse":"ON","ForceResponseType":"ON","Type":"None"}},"GradingData":[],"Language":[],"NextChoiceId":4,"NextAnswerId":1,"SearchSource":{"AllowFreeResponse":"false"},"QuestionID":"QID19","DataVisibility":{"Private":false,"Hidden":false}}},{"SurveyID":"SV_42VYlCZqYngjYns","Element":"SQ","PrimaryAttribute":"QID18","SecondaryAttribute":"What is your Dartmouth ID?\u00a0 (e.g. F1234AB)","TertiaryAttribute":null,"Payload":{"QuestionText":"What is your Dartmouth ID?&nbsp; (e.g. F1234AB)<div><br><\/div>","DefaultChoices":false,"DataExportTag":"Q18","QuestionID":"QID18","QuestionType":"TE","Selector":"SL","Configuration":{"QuestionDescriptionOption":"UseText"},"QuestionDescription":"What is your Dartmouth ID?\u00a0 (e.g. F1234AB)","Validation":{"Settings":{"ForceResponse":"OFF","ForceResponseType":"ON","Type":"None"}},"GradingData":[],"Language":[],"NextChoiceId":4,"NextAnswerId":1,"SearchSource":{"AllowFreeResponse":"false"}}},{"SurveyID":"SV_42VYlCZqYngjYns","Element":"SQ","PrimaryAttribute":"QID14","SecondaryAttribute":"What is your major?","TertiaryAttribute":null,"Payload":{"QuestionText":"What is your major?","DefaultChoices":false,"DataExportTag":"Q16","QuestionID":"QID14","QuestionType":"TE","Selector":"SL","Configuration":{"QuestionDescriptionOption":"UseText"},"QuestionDescription":"What is your major?","Validation":{"Settings":{"ForceResponse":"OFF","ForceResponseType":"ON","Type":"None"}},"GradingData":[],"Language":[],"NextChoiceId":1,"NextAnswerId":1,"SearchSource":{"AllowFreeResponse":"false"}}},{"SurveyID":"SV_42VYlCZqYngjYns","Element":"SQ","PrimaryAttribute":"QID11","SecondaryAttribute":"What is your year in school?","TertiaryAttribute":null,"Payload":{"QuestionText":"What is your year in school?","DataExportTag":"Q12","QuestionType":"MC","Selector":"SAVR","SubSelector":"TX","Configuration":{"QuestionDescriptionOption":"UseText"},"QuestionDescription":"What is your year in school?","Choices":{"1":{"Display":"First year"},"2":{"Display":"Sophomore"},"3":{"Display":"Junior"},"4":{"Display":"Senior"},"5":{"Display":"Other"}},"ChoiceOrder":[1,2,3,4,5],"Validation":{"Settings":{"ForceResponse":"OFF","ForceResponseType":"ON","Type":"None"}},"Language":[],"NextChoiceId":6,"NextAnswerId":1,"QuestionID":"QID11"}},{"SurveyID":"SV_42VYlCZqYngjYns","Element":"SQ","PrimaryAttribute":"QID15","SecondaryAttribute":"What type of field does your mother (or parent 1) work in?","TertiaryAttribute":null,"Payload":{"QuestionText":"What type of field does your mother (or parent 1) work in?","DefaultChoices":false,"DataExportTag":"Q17","QuestionID":"QID15","QuestionType":"TE","Selector":"SL","Configuration":{"QuestionDescriptionOption":"UseText"},"QuestionDescription":"What type of field does your mother (or parent 1) work in?","Validation":{"Settings":{"ForceResponse":"OFF","ForceResponseType":"ON","Type":"None"}},"GradingData":[],"Language":[],"NextChoiceId":4,"NextAnswerId":1,"SearchSource":{"AllowFreeResponse":"false"}}},{"SurveyID":"SV_42VYlCZqYngjYns","Element":"SQ","PrimaryAttribute":"QID16","SecondaryAttribute":"What types of field does your father (or parent 2) work in? ","TertiaryAttribute":null,"Payload":{"QuestionText":"What types of field does your father (or parent 2) work in?&nbsp;","DefaultChoices":false,"DataExportTag":"Q18","QuestionID":"QID16","QuestionType":"TE","Selector":"SL","Configuration":{"QuestionDescriptionOption":"UseText"},"QuestionDescription":"What types of field does your father (or parent 2) work in? ","Validation":{"Settings":{"ForceResponse":"OFF","ForceResponseType":"ON","Type":"None"}},"GradingData":[],"Language":[],"NextChoiceId":4,"NextAnswerId":1,"SearchSource":{"AllowFreeResponse":"false"}}},{"SurveyID":"SV_42VYlCZqYngjYns","Element":"SQ","PrimaryAttribute":"QID20","SecondaryAttribute":"Which of these classes are you enrolled in during Fall 2020?","TertiaryAttribute":null,"Payload":{"QuestionText":"Which of these classes are you enrolled in during Fall 2020?","DataExportTag":"Q20","QuestionType":"MC","Selector":"MAVR","SubSelector":"TX","Configuration":{"QuestionDescriptionOption":"UseText"},"QuestionDescription":"Which of these classes are you enrolled in during Fall 2020?","Choices":{"1":{"Display":"EARS 6"},"2":{"Display":"MATH 3"},"3":{"Display":"COSC 1"},"4":{"Display":"BIOL 16"}},"ChoiceOrder":["4","3","1","2"],"Validation":{"Settings":{"ForceResponse":"OFF","ForceResponseType":"ON","Type":"None"}},"Language":[],"NextChoiceId":5,"NextAnswerId":1,"QuestionID":"QID20","DataVisibility":{"Private":false,"Hidden":false}}}]}